
Microsoft Visual Studio Solution File, Format Version 12.00
# Visual Studio Version 17
VisualStudioVersion = 17.4.33213.308
MinimumVisualStudioVersion = 10.0.40219.1
Project("{9A19103F-16F7-4668-BE54-9A1E7A4F7556}") = "Week3IFandSwitch", "Week3IFandSwitch\Week3IFandSwitch.csproj", "{04996407-26C5-473C-ACAD-AC83A0EB189F}"
EndProject
Project("{9A19103F-16F7-4668-BE54-9A1E7A4F7556}") = "OddOrEven", "OddOrEven\OddOrEven.csproj", "{1F3D53BD-5864-439E-8AE9-209DB5F19AD4}"
EndProject
Project("{FAE04EC0-301F-11D3-BF4B-00C04F79EFBC}") = "IfDayOfTheWeek", "IfDayOfTheWeek\IfDayOfTheWeek.csproj", "{A012A29F-2C76-4A89-9EBA-3E02B16D9DBB}"
EndProject
Project("{FAE04EC0-301F-11D3-BF4B-00C04F79EFBC}") = "SwitchDayOfTheWeek", "SwitchDayOfTheWeek\SwitchDayOfTheWeek.csproj", "{F5B9348F-472B-4168-8F9D-0209E93100D3}"
EndProject
Global
	GlobalSection(SolutionConfigurationPlatforms) = preSolution
		Debug|Any CPU = Debug|Any CPU
		Release|Any CPU = Release|Any CPU
	EndGlobalSection
	GlobalSection(ProjectConfigurationPlatforms) = postSolution
		{04996407-26C5-473C-ACAD-AC83A0EB189F}.Debug|Any CPU.ActiveCfg = Debug|Any CPU
		{04996407-26C5-473C-ACAD-AC83A0EB189F}.Debug|Any CPU.Build.0 = Debug|Any CPU
		{04996407-26C5-473C-ACAD-AC83A0EB189F}.Release|Any CPU.ActiveCfg = Release|Any CPU
		{04996407-26C5-473C-ACAD-AC83A0EB189F}.Release|Any CPU.Build.0 = Release|Any CPU
		{1F3D53BD-5864-439E-8AE9-209DB5F19AD4}.Debug|Any CPU.ActiveCfg = Debug|Any CPU
		{1F3D53BD-5864-439E-8AE9-209DB5F19AD4}.Debug|Any CPU.Build.0 = Debug|Any CPU
		{1F3D53BD-5864-439E-8AE9-209DB5F19AD4}.Release|Any CPU.ActiveCfg = Release|Any CPU
		{1F3D53BD-5864-439E-8AE9-209DB5F19AD4}.Release|Any CPU.Build.0 = Release|Any CPU
		{A012A29F-2C76-4A89-9EBA-3E02B16D9DBB}.Debug|Any CPU.ActiveCfg = Debug|Any CPU
		{A012A29F-2C76-4A89-9EBA-3E02B16D9DBB}.Debug|Any CPU.Build.0 = Debug|Any CPU
		{A012A29F-2C76-4A89-9EBA-3E02B16D9DBB}.Release|Any CPU.ActiveCfg = Release|Any CPU
		{A012A29F-2C76-4A89-9EBA-3E02B16D9DBB}.Release|Any CPU.Build.0 = Release|Any CPU
		{F5B9348F-472B-4168-8F9D-0209E93100D3}.Debug|Any CPU.ActiveCfg = Debug|Any CPU
		{F5B9348F-472B-4168-8F9D-0209E93100D3}.Debug|Any CPU.Build.0 = Debug|Any CPU
		{F5B9348F-472B-4168-8F9D-0209E93100D3}.Release|Any CPU.ActiveCfg = Release|Any CPU
		{F5B9348F-472B-4168-8F9D-0209E93100D3}.Release|Any CPU.Build.0 = Release|Any CPU
	EndGlobalSection
	GlobalSection(SolutionProperties) = preSolution
		HideSolutionNode = FALSE
	EndGlobalSection
	GlobalSection(ExtensibilityGlobals) = postSolution
		SolutionGuid = {0BA1EB64-8758-42AA-8912-20AED66F03B2}
	EndGlobalSection
EndGlobal
